// !$*UTF8*$!
{
	archiveVersion = 1;
	classes = {
	};
	objectVersion = 50;
	objects = {

/* Begin PBXBuildFile section */
		7BC122542129D94E0017750D /* AppDelegate.swift in Sources */ = {isa = PBXBuildFile; fileRef = 7BC122532129D94E0017750D /* AppDelegate.swift */; };
		7BC122562129D94E0017750D /* ViewController.swift in Sources */ = {isa = PBXBuildFile; fileRef = 7BC122552129D94E0017750D /* ViewController.swift */; };
		7BC122592129D94E0017750D /* Main.storyboard in Resources */ = {isa = PBXBuildFile; fileRef = 7BC122572129D94E0017750D /* Main.storyboard */; };
		7BC1225B2129D9590017750D /* Assets.xcassets in Resources */ = {isa = PBXBuildFile; fileRef = 7BC1225A2129D9590017750D /* Assets.xcassets */; };
		7BC1225E2129D9590017750D /* LaunchScreen.storyboard in Resources */ = {isa = PBXBuildFile; fileRef = 7BC1225C2129D9590017750D /* LaunchScreen.storyboard */; };
		7BC122632129D95B0017750D /* Calculadora_WarchKit WatchKit App.app in Embed Watch Content */ = {isa = PBXBuildFile; fileRef = 7BC122622129D95B0017750D /* Calculadora_WarchKit WatchKit App.app */; };
		7BC122692129D95B0017750D /* Interface.storyboard in Resources */ = {isa = PBXBuildFile; fileRef = 7BC122672129D95B0017750D /* Interface.storyboard */; };
		7BC1226B2129D95F0017750D /* Assets.xcassets in Resources */ = {isa = PBXBuildFile; fileRef = 7BC1226A2129D95F0017750D /* Assets.xcassets */; };
		7BC122722129D95F0017750D /* Calculadora_WarchKit WatchKit Extension.appex in Embed App Extensions */ = {isa = PBXBuildFile; fileRef = 7BC122712129D95F0017750D /* Calculadora_WarchKit WatchKit Extension.appex */; settings = {ATTRIBUTES = (RemoveHeadersOnCopy, ); }; };
		7BC122772129D95F0017750D /* InterfaceController.swift in Sources */ = {isa = PBXBuildFile; fileRef = 7BC122762129D95F0017750D /* InterfaceController.swift */; };
		7BC122792129D95F0017750D /* ExtensionDelegate.swift in Sources */ = {isa = PBXBuildFile; fileRef = 7BC122782129D95F0017750D /* ExtensionDelegate.swift */; };
		7BC1227B2129D95F0017750D /* NotificationController.swift in Sources */ = {isa = PBXBuildFile; fileRef = 7BC1227A2129D95F0017750D /* NotificationController.swift */; };
		7BC1227D2129D9600017750D /* Assets.xcassets in Resources */ = {isa = PBXBuildFile; fileRef = 7BC1227C2129D9600017750D /* Assets.xcassets */; };
/* End PBXBuildFile section */

/* Begin PBXContainerItemProxy section */
		7BC122642129D95B0017750D /* PBXContainerItemProxy */ = {
			isa = PBXContainerItemProxy;
			containerPortal = 7BC122482129D94E0017750D /* Project object */;
			proxyType = 1;
			remoteGlobalIDString = 7BC122612129D95B0017750D;
			remoteInfo = "Calculadora_WarchKit WatchKit App";
		};
		7BC122732129D95F0017750D /* PBXContainerItemProxy */ = {
			isa = PBXContainerItemProxy;
			containerPortal = 7BC122482129D94E0017750D /* Project object */;
			proxyType = 1;
			remoteGlobalIDString = 7BC122702129D95F0017750D;
			remoteInfo = "Calculadora_WarchKit WatchKit Extension";
		};
/* End PBXContainerItemProxy section */

/* Begin PBXCopyFilesBuildPhase section */
		7BC122852129D9610017750D /* Embed App Extensions */ = {
			isa = PBXCopyFilesBuildPhase;
			buildActionMask = 2147483647;
			dstPath = "";
			dstSubfolderSpec = 13;
			files = (
				7BC122722129D95F0017750D /* Calculadora_WarchKit WatchKit Extension.appex in Embed App Extensions */,
			);
			name = "Embed App Extensions";
			runOnlyForDeploymentPostprocessing = 0;
		};
		7BC122892129D9610017750D /* Embed Watch Content */ = {
			isa = PBXCopyFilesBuildPhase;
			buildActionMask = 2147483647;
			dstPath = "$(CONTENTS_FOLDER_PATH)/Watch";
			dstSubfolderSpec = 16;
			files = (
				7BC122632129D95B0017750D /* Calculadora_WarchKit WatchKit App.app in Embed Watch Content */,
			);
			name = "Embed Watch Content";
			runOnlyForDeploymentPostprocessing = 0;
		};
/* End PBXCopyFilesBuildPhase section */

/* Begin PBXFileReference section */
		7BC122502129D94E0017750D /* Calculadora_WarchKit.app */ = {isa = PBXFileReference; explicitFileType = wrapper.application; includeInIndex = 0; path = Calculadora_WarchKit.app; sourceTree = BUILT_PRODUCTS_DIR; };
		7BC122532129D94E0017750D /* AppDelegate.swift */ = {isa = PBXFileReference; lastKnownFileType = sourcecode.swift; path = AppDelegate.swift; sourceTree = "<group>"; };
		7BC122552129D94E0017750D /* ViewController.swift */ = {isa = PBXFileReference; lastKnownFileType = sourcecode.swift; path = ViewController.swift; sourceTree = "<group>"; };
		7BC122582129D94E0017750D /* Base */ = {isa = PBXFileReference; lastKnownFileType = file.storyboard; name = Base; path = Base.lproj/Main.storyboard; sourceTree = "<group>"; };
		7BC1225A2129D9590017750D /* Assets.xcassets */ = {isa = PBXFileReference; lastKnownFileType = folder.assetcatalog; path = Assets.xcassets; sourceTree = "<group>"; };
		7BC1225D2129D9590017750D /* Base */ = {isa = PBXFileReference; lastKnownFileType = file.storyboard; name = Base; path = Base.lproj/LaunchScreen.storyboard; sourceTree = "<group>"; };
		7BC1225F2129D95A0017750D /* Info.plist */ = {isa = PBXFileReference; lastKnownFileType = text.plist.xml; path = Info.plist; sourceTree = "<group>"; };
		7BC122622129D95B0017750D /* Calculadora_WarchKit WatchKit App.app */ = {isa = PBXFileReference; explicitFileType = wrapper.application; includeInIndex = 0; path = "Calculadora_WarchKit WatchKit App.app"; sourceTree = BUILT_PRODUCTS_DIR; };
		7BC122682129D95B0017750D /* Base */ = {isa = PBXFileReference; lastKnownFileType = file.storyboard; name = Base; path = Base.lproj/Interface.storyboard; sourceTree = "<group>"; };
		7BC1226A2129D95F0017750D /* Assets.xcassets */ = {isa = PBXFileReference; lastKnownFileType = folder.assetcatalog; path = Assets.xcassets; sourceTree = "<group>"; };
		7BC1226C2129D95F0017750D /* Info.plist */ = {isa = PBXFileReference; lastKnownFileType = text.plist.xml; path = Info.plist; sourceTree = "<group>"; };
		7BC122712129D95F0017750D /* Calculadora_WarchKit WatchKit Extension.appex */ = {isa = PBXFileReference; explicitFileType = "wrapper.app-extension"; includeInIndex = 0; path = "Calculadora_WarchKit WatchKit Extension.appex"; sourceTree = BUILT_PRODUCTS_DIR; };
		7BC122762129D95F0017750D /* InterfaceController.swift */ = {isa = PBXFileReference; lastKnownFileType = sourcecode.swift; path = InterfaceController.swift; sourceTree = "<group>"; };
		7BC122782129D95F0017750D /* ExtensionDelegate.swift */ = {isa = PBXFileReference; lastKnownFileType = sourcecode.swift; path = ExtensionDelegate.swift; sourceTree = "<group>"; };
		7BC1227A2129D95F0017750D /* NotificationController.swift */ = {isa = PBXFileReference; lastKnownFileType = sourcecode.swift; path = NotificationController.swift; sourceTree = "<group>"; };
		7BC1227C2129D9600017750D /* Assets.xcassets */ = {isa = PBXFileReference; lastKnownFileType = folder.assetcatalog; path = Assets.xcassets; sourceTree = "<group>"; };
		7BC1227E2129D9600017750D /* Info.plist */ = {isa = PBXFileReference; lastKnownFileType = text.plist.xml; path = Info.plist; sourceTree = "<group>"; };
		7BC1227F2129D9610017750D /* PushNotificationPayload.apns */ = {isa = PBXFileReference; lastKnownFileType = text; path = PushNotificationPayload.apns; sourceTree = "<group>"; };
/* End PBXFileReference section */

/* Begin PBXFrameworksBuildPhase section */
		7BC1224D2129D94E0017750D /* Frameworks */ = {
			isa = PBXFrameworksBuildPhase;
			buildActionMask = 2147483647;
			files = (
			);
			runOnlyForDeploymentPostprocessing = 0;
		};
		7BC1226E2129D95F0017750D /* Frameworks */ = {
			isa = PBXFrameworksBuildPhase;
			buildActionMask = 2147483647;
			files = (
			);
			runOnlyForDeploymentPostprocessing = 0;
		};
/* End PBXFrameworksBuildPhase section */

/* Begin PBXGroup section */
		7BC122472129D94E0017750D = {
			isa = PBXGroup;
			children = (
				7BC122522129D94E0017750D /* Calculadora_WarchKit */,
				7BC122662129D95B0017750D /* Calculadora_WarchKit WatchKit App */,
				7BC122752129D95F0017750D /* Calculadora_WarchKit WatchKit Extension */,
				7BC122512129D94E0017750D /* Products */,
			);
			sourceTree = "<group>";
		};
		7BC122512129D94E0017750D /* Products */ = {
			isa = PBXGroup;
			children = (
				7BC122502129D94E0017750D /* Calculadora_WarchKit.app */,
				7BC122622129D95B0017750D /* Calculadora_WarchKit WatchKit App.app */,
				7BC122712129D95F0017750D /* Calculadora_WarchKit WatchKit Extension.appex */,
			);
			name = Products;
			sourceTree = "<group>";
		};
		7BC122522129D94E0017750D /* Calculadora_WarchKit */ = {
			isa = PBXGroup;
			children = (
				7BC122532129D94E0017750D /* AppDelegate.swift */,
				7BC122552129D94E0017750D /* ViewController.swift */,
				7BC122572129D94E0017750D /* Main.storyboard */,
				7BC1225A2129D9590017750D /* Assets.xcassets */,
				7BC1225C2129D9590017750D /* LaunchScreen.storyboard */,
				7BC1225F2129D95A0017750D /* Info.plist */,
			);
			path = Calculadora_WarchKit;
			sourceTree = "<group>";
		};
		7BC122662129D95B0017750D /* Calculadora_WarchKit WatchKit App */ = {
			isa = PBXGroup;
			children = (
				7BC122672129D95B0017750D /* Interface.storyboard */,
				7BC1226A2129D95F0017750D /* Assets.xcassets */,
				7BC1226C2129D95F0017750D /* Info.plist */,
			);
			path = "Calculadora_WarchKit WatchKit App";
			sourceTree = "<group>";
		};
		7BC122752129D95F0017750D /* Calculadora_WarchKit WatchKit Extension */ = {
			isa = PBXGroup;
			children = (
				7BC122762129D95F0017750D /* InterfaceController.swift */,
				7BC122782129D95F0017750D /* ExtensionDelegate.swift */,
				7BC1227A2129D95F0017750D /* NotificationController.swift */,
				7BC1227C2129D9600017750D /* Assets.xcassets */,
				7BC1227E2129D9600017750D /* Info.plist */,
				7BC1227F2129D9610017750D /* PushNotificationPayload.apns */,
			);
			path = "Calculadora_WarchKit WatchKit Extension";
			sourceTree = "<group>";
		};
/* End PBXGroup section */

/* Begin PBXNativeTarget section */
		7BC1224F2129D94E0017750D /* Calculadora_WarchKit */ = {
			isa = PBXNativeTarget;
			buildConfigurationList = 7BC1228A2129D9610017750D /* Build configuration list for PBXNativeTarget "Calculadora_WarchKit" */;
			buildPhases = (
				7BC1224C2129D94E0017750D /* Sources */,
				7BC1224D2129D94E0017750D /* Frameworks */,
				7BC1224E2129D94E0017750D /* Resources */,
				7BC122892129D9610017750D /* Embed Watch Content */,
			);
			buildRules = (
			);
			dependencies = (
				7BC122652129D95B0017750D /* PBXTargetDependency */,
			);
			name = Calculadora_WarchKit;
			productName = Calculadora_WarchKit;
			productReference = 7BC122502129D94E0017750D /* Calculadora_WarchKit.app */;
			productType = "com.apple.product-type.application";
		};
		7BC122612129D95B0017750D /* Calculadora_WarchKit WatchKit App */ = {
			isa = PBXNativeTarget;
			buildConfigurationList = 7BC122862129D9610017750D /* Build configuration list for PBXNativeTarget "Calculadora_WarchKit WatchKit App" */;
			buildPhases = (
				7BC122602129D95B0017750D /* Resources */,
				7BC122852129D9610017750D /* Embed App Extensions */,
			);
			buildRules = (
			);
			dependencies = (
				7BC122742129D95F0017750D /* PBXTargetDependency */,
			);
			name = "Calculadora_WarchKit WatchKit App";
			productName = "Calculadora_WarchKit WatchKit App";
			productReference = 7BC122622129D95B0017750D /* Calculadora_WarchKit WatchKit App.app */;
			productType = "com.apple.product-type.application.watchapp2";
		};
		7BC122702129D95F0017750D /* Calculadora_WarchKit WatchKit Extension */ = {
			isa = PBXNativeTarget;
			buildConfigurationList = 7BC122822129D9610017750D /* Build configuration list for PBXNativeTarget "Calculadora_WarchKit WatchKit Extension" */;
			buildPhases = (
				7BC1226D2129D95F0017750D /* Sources */,
				7BC1226E2129D95F0017750D /* Frameworks */,
				7BC1226F2129D95F0017750D /* Resources */,
			);
			buildRules = (
			);
			dependencies = (
			);
			name = "Calculadora_WarchKit WatchKit Extension";
			productName = "Calculadora_WarchKit WatchKit Extension";
			productReference = 7BC122712129D95F0017750D /* Calculadora_WarchKit WatchKit Extension.appex */;
			productType = "com.apple.product-type.watchkit2-extension";
		};
/* End PBXNativeTarget section */

/* Begin PBXProject section */
		7BC122482129D94E0017750D /* Project object */ = {
			isa = PBXProject;
			attributes = {
				LastSwiftUpdateCheck = 0940;
				LastUpgradeCheck = 0940;
				ORGANIZATIONNAME = "Jorge Elias Blanco Santonja";
				TargetAttributes = {
					7BC1224F2129D94E0017750D = {
						CreatedOnToolsVersion = 9.4.1;
					};
					7BC122612129D95B0017750D = {
						CreatedOnToolsVersion = 9.4.1;
					};
					7BC122702129D95F0017750D = {
						CreatedOnToolsVersion = 9.4.1;
					};
				};
			};
			buildConfigurationList = 7BC1224B2129D94E0017750D /* Build configuration list for PBXProject "Calculadora_WarchKit" */;
			compatibilityVersion = "Xcode 9.3";
			developmentRegion = en;
			hasScannedForEncodings = 0;
			knownRegions = (
				en,
				Base,
			);
			mainGroup = 7BC122472129D94E0017750D;
			productRefGroup = 7BC122512129D94E0017750D /* Products */;
			projectDirPath = "";
			projectRoot = "";
			targets = (
				7BC1224F2129D94E0017750D /* Calculadora_WarchKit */,
				7BC122612129D95B0017750D /* Calculadora_WarchKit WatchKit App */,
				7BC122702129D95F0017750D /* Calculadora_WarchKit WatchKit Extension */,
			);
		};
/* End PBXProject section */

/* Begin PBXResourcesBuildPhase section */
		7BC1224E2129D94E0017750D /* Resources */ = {
			isa = PBXResourcesBuildPhase;
			buildActionMask = 2147483647;
			files = (
				7BC1225E2129D9590017750D /* LaunchScreen.storyboard in Resources */,
				7BC1225B2129D9590017750D /* Assets.xcassets in Resources */,
				7BC122592129D94E0017750D /* Main.storyboard in Resources */,
			);
			runOnlyForDeploymentPostprocessing = 0;
		};
		7BC122602129D95B0017750D /* Resources */ = {
			isa = PBXResourcesBuildPhase;
			buildActionMask = 2147483647;
			files = (
				7BC1226B2129D95F0017750D /* Assets.xcassets in Resources */,
				7BC122692129D95B0017750D /* Interface.storyboard in Resources */,
			);
			runOnlyForDeploymentPostprocessing = 0;
		};
		7BC1226F2129D95F0017750D /* Resources */ = {
			isa = PBXResourcesBuildPhase;
			buildActionMask = 2147483647;
			files = (
				7BC1227D2129D9600017750D /* Assets.xcassets in Resources */,
			);
			runOnlyForDeploymentPostprocessing = 0;
		};
/* End PBXResourcesBuildPhase section */

/* Begin PBXSourcesBuildPhase section */
		7BC1224C2129D94E0017750D /* Sources */ = {
			isa = PBXSourcesBuildPhase;
			buildActionMask = 2147483647;
			files = (
				7BC122562129D94E0017750D /* ViewController.swift in Sources */,
				7BC122542129D94E0017750D /* AppDelegate.swift in Sources */,
			);
			runOnlyForDeploymentPostprocessing = 0;
		};
		7BC1226D2129D95F0017750D /* Sources */ = {
			isa = PBXSourcesBuildPhase;
			buildActionMask = 2147483647;
			files = (
				7BC1227B2129D95F0017750D /* NotificationController.swift in Sources */,
				7BC122792129D95F0017750D /* ExtensionDelegate.swift in Sources */,
				7BC122772129D95F0017750D /* InterfaceController.swift in Sources */,
			);
			runOnlyForDeploymentPostprocessing = 0;
		};
/* End PBXSourcesBuildPhase section */

/* Begin PBXTargetDependency section */
		7BC122652129D95B0017750D /* PBXTargetDependency */ = {
			isa = PBXTargetDependency;
			target = 7BC122612129D95B0017750D /* Calculadora_WarchKit WatchKit App */;
			targetProxy = 7BC122642129D95B0017750D /* PBXContainerItemProxy */;
		};
		7BC122742129D95F0017750D /* PBXTargetDependency */ = {
			isa = PBXTargetDependency;
			target = 7BC122702129D95F0017750D /* Calculadora_WarchKit WatchKit Extension */;
			targetProxy = 7BC122732129D95F0017750D /* PBXContainerItemProxy */;
		};
/* End PBXTargetDependency section */

/* Begin PBXVariantGroup section */
		7BC122572129D94E0017750D /* Main.storyboard */ = {
			isa = PBXVariantGroup;
			children = (
				7BC122582129D94E0017750D /* Base */,
			);
			name = Main.storyboard;
			sourceTree = "<group>";
		};
		7BC1225C2129D9590017750D /* LaunchScreen.storyboard */ = {
			isa = PBXVariantGroup;
			children = (
				7BC1225D2129D9590017750D /* Base */,
			);
			name = LaunchScreen.storyboard;
			sourceTree = "<group>";
		};
		7BC122672129D95B0017750D /* Interface.storyboard */ = {
			isa = PBXVariantGroup;
			children = (
				7BC122682129D95B0017750D /* Base */,
			);
			name = Interface.storyboard;
			sourceTree = "<group>";
		};
/* End PBXVariantGroup section */

/* Begin XCBuildConfiguration section */
		7BC122802129D9610017750D /* Debug */ = {
			isa = XCBuildConfiguration;
			buildSettings = {
				ALWAYS_SEARCH_USER_PATHS = NO;
				CLANG_ANALYZER_NONNULL = YES;
				CLANG_ANALYZER_NUMBER_OBJECT_CONVERSION = YES_AGGRESSIVE;
				CLANG_CXX_LANGUAGE_STANDARD = "gnu++14";
				CLANG_CXX_LIBRARY = "libc++";
				CLANG_ENABLE_MODULES = YES;
				CLANG_ENABLE_OBJC_ARC = YES;
				CLANG_ENABLE_OBJC_WEAK = YES;
				CLANG_WARN_BLOCK_CAPTURE_AUTORELEASING = YES;
				CLANG_WARN_BOOL_CONVERSION = YES;
				CLANG_WARN_COMMA = YES;
				CLANG_WARN_CONSTANT_CONVERSION = YES;
				CLANG_WARN_DEPRECATED_OBJC_IMPLEMENTATIONS = YES;
				CLANG_WARN_DIRECT_OBJC_ISA_USAGE = YES_ERROR;
				CLANG_WARN_DOCUMENTATION_COMMENTS = YES;
				CLANG_WARN_EMPTY_BODY = YES;
				CLANG_WARN_ENUM_CONVERSION = YES;
				CLANG_WARN_INFINITE_RECURSION = YES;
				CLANG_WARN_INT_CONVERSION = YES;
				CLANG_WARN_NON_LITERAL_NULL_CONVERSION = YES;
				CLANG_WARN_OBJC_IMPLICIT_RETAIN_SELF = YES;
				CLANG_WARN_OBJC_LITERAL_CONVERSION = YES;
				CLANG_WARN_OBJC_ROOT_CLASS = YES_ERROR;
				CLANG_WARN_RANGE_LOOP_ANALYSIS = YES;
				CLANG_WARN_STRICT_PROTOTYPES = YES;
				CLANG_WARN_SUSPICIOUS_MOVE = YES;
				CLANG_WARN_UNGUARDED_AVAILABILITY = YES_AGGRESSIVE;
				CLANG_WARN_UNREACHABLE_CODE = YES;
				CLANG_WARN__DUPLICATE_METHOD_MATCH = YES;
				CODE_SIGN_IDENTITY = "iPhone Developer";
				COPY_PHASE_STRIP = NO;
				DEBUG_INFORMATION_FORMAT = dwarf;
				ENABLE_STRICT_OBJC_MSGSEND = YES;
				ENABLE_TESTABILITY = YES;
				GCC_C_LANGUAGE_STANDARD = gnu11;
				GCC_DYNAMIC_NO_PIC = NO;
				GCC_NO_COMMON_BLOCKS = YES;
				GCC_OPTIMIZATION_LEVEL = 0;
				GCC_PREPROCESSOR_DEFINITIONS = (
					"DEBUG=1",
					"$(inherited)",
				);
				GCC_WARN_64_TO_32_BIT_CONVERSION = YES;
				GCC_WARN_ABOUT_RETURN_TYPE = YES_ERROR;
				GCC_WARN_UNDECLARED_SELECTOR = YES;
				GCC_WARN_UNINITIALIZED_AUTOS = YES_AGGRESSIVE;
				GCC_WARN_UNUSED_FUNCTION = YES;
				GCC_WARN_UNUSED_VARIABLE = YES;
				IPHONEOS_DEPLOYMENT_TARGET = 11.4;
				MTL_ENABLE_DEBUG_INFO = YES;
				ONLY_ACTIVE_ARCH = YES;
				SDKROOT = iphoneos;
				SWIFT_ACTIVE_COMPILATION_CONDITIONS = DEBUG;
				SWIFT_OPTIMIZATION_LEVEL = "-Onone";
			};
			name = Debug;
		};
		7BC122812129D9610017750D /* Release */ = {
			isa = XCBuildConfiguration;
			buildSettings = {
				ALWAYS_SEARCH_USER_PATHS = NO;
				CLANG_ANALYZER_NONNULL = YES;
				CLANG_ANALYZER_NUMBER_OBJECT_CONVERSION = YES_AGGRESSIVE;
				CLANG_CXX_LANGUAGE_STANDARD = "gnu++14";
				CLANG_CXX_LIBRARY = "libc++";
				CLANG_ENABLE_MODULES = YES;
				CLANG_ENABLE_OBJC_ARC = YES;
				CLANG_ENABLE_OBJC_WEAK = YES;
				CLANG_WARN_BLOCK_CAPTURE_AUTORELEASING = YES;
				CLANG_WARN_BOOL_CONVERSION = YES;
				CLANG_WARN_COMMA = YES;
				CLANG_WARN_CONSTANT_CONVERSION = YES;
				CLANG_WARN_DEPRECATED_OBJC_IMPLEMENTATIONS = YES;
				CLANG_WARN_DIRECT_OBJC_ISA_USAGE = YES_ERROR;
				CLANG_WARN_DOCUMENTATION_COMMENTS = YES;
				CLANG_WARN_EMPTY_BODY = YES;
				CLANG_WARN_ENUM_CONVERSION = YES;
				CLANG_WARN_INFINITE_RECURSION = YES;
				CLANG_WARN_INT_CONVERSION = YES;
				CLANG_WARN_NON_LITERAL_NULL_CONVERSION = YES;
				CLANG_WARN_OBJC_IMPLICIT_RETAIN_SELF = YES;
				CLANG_WARN_OBJC_LITERAL_CONVERSION = YES;
				CLANG_WARN_OBJC_ROOT_CLASS = YES_ERROR;
				CLANG_WARN_RANGE_LOOP_ANALYSIS = YES;
				CLANG_WARN_STRICT_PROTOTYPES = YES;
				CLANG_WARN_SUSPICIOUS_MOVE = YES;
				CLANG_WARN_UNGUARDED_AVAILABILITY = YES_AGGRESSIVE;
				CLANG_WARN_UNREACHABLE_CODE = YES;
				CLANG_WARN__DUPLICATE_METHOD_MATCH = YES;
				CODE_SIGN_IDENTITY = "iPhone Developer";
				COPY_PHASE_STRIP = NO;
				DEBUG_INFORMATION_FORMAT = "dwarf-with-dsym";
				ENABLE_NS_ASSERTIONS = NO;
				ENABLE_STRICT_OBJC_MSGSEND = YES;
				GCC_C_LANGUAGE_STANDARD = gnu11;
				GCC_NO_COMMON_BLOCKS = YES;
				GCC_WARN_64_TO_32_BIT_CONVERSION = YES;
				GCC_WARN_ABOUT_RETURN_TYPE = YES_ERROR;
				GCC_WARN_UNDECLARED_SELECTOR = YES;
				GCC_WARN_UNINITIALIZED_AUTOS = YES_AGGRESSIVE;
				GCC_WARN_UNUSED_FUNCTION = YES;
				GCC_WARN_UNUSED_VARIABLE = YES;
				IPHONEOS_DEPLOYMENT_TARGET = 11.4;
				MTL_ENABLE_DEBUG_INFO = NO;
				SDKROOT = iphoneos;
				SWIFT_COMPILATION_MODE = wholemodule;
				SWIFT_OPTIMIZATION_LEVEL = "-O";
				VALIDATE_PRODUCT = YES;
			};
			name = Release;
		};
		7BC122832129D9610017750D /* Debug */ = {
			isa = XCBuildConfiguration;
			buildSettings = {
				ASSETCATALOG_COMPILER_COMPLICATION_NAME = Complication;
				CODE_SIGN_STYLE = Automatic;
				DEVELOPMENT_TEAM = 548D4ZVJCT;
				INFOPLIST_FILE = "Calculadora_WarchKit WatchKit Extension/Info.plist";
				LD_RUNPATH_SEARCH_PATHS = (
					"$(inherited)",
					"@executable_path/Frameworks",
					"@executable_path/../../Frameworks",
				);
				PRODUCT_BUNDLE_IDENTIFIER = "JESB.Calculadora-WarchKit.watchkitapp.watchkitextension";
				PRODUCT_NAME = "${TARGET_NAME}";
				SDKROOT = watchos;
				SKIP_INSTALL = YES;
				SWIFT_VERSION = 4.0;
				TARGETED_DEVICE_FAMILY = 4;
				WATCHOS_DEPLOYMENT_TARGET = 4.3;
			};
			name = Debug;
		};
		7BC122842129D9610017750D /* Release */ = {
			isa = XCBuildConfiguration;
			buildSettings = {
				ASSETCATALOG_COMPILER_COMPLICATION_NAME = Complication;
				CODE_SIGN_STYLE = Automatic;
				DEVELOPMENT_TEAM = 548D4ZVJCT;
				INFOPLIST_FILE = "Calculadora_WarchKit WatchKit Extension/Info.plist";
				LD_RUNPATH_SEARCH_PATHS = (
					"$(inherited)",
					"@executable_path/Frameworks",
					"@executable_path/../../Frameworks",
				);
				PRODUCT_BUNDLE_IDENTIFIER = "JESB.Calculadora-WarchKit.watchkitapp.watchkitextension";
				PRODUCT_NAME = "${TARGET_NAME}";
				SDKROOT = watchos;
				SKIP_INSTALL = YES;
				SWIFT_VERSION = 4.0;
				TARGETED_DEVICE_FAMILY = 4;
				WATCHOS_DEPLOYMENT_TARGET = 4.3;
			};
			name = Release;
		};
		7BC122872129D9610017750D /* Debug */ = {
			isa = XCBuildConfiguration;
			buildSettings = {
				ALWAYS_EMBED_SWIFT_STANDARD_LIBRARIES = YES;
				ASSETCATALOG_COMPILER_APPICON_NAME = AppIcon;
				CODE_SIGN_STYLE = Automatic;
				DEVELOPMENT_TEAM = 548D4ZVJCT;
				IBSC_MODULE = Calculadora_WarchKit_WatchKit_Extension;
				INFOPLIST_FILE = "Calculadora_WarchKit WatchKit App/Info.plist";
				PRODUCT_BUNDLE_IDENTIFIER = "JESB.Calculadora-WarchKit.watchkitapp";
				PRODUCT_NAME = "$(TARGET_NAME)";
				SDKROOT = watchos;
				SKIP_INSTALL = YES;
				SWIFT_VERSION = 4.0;
				TARGETED_DEVICE_FAMILY = 4;
				WATCHOS_DEPLOYMENT_TARGET = 4.3;
			};
			name = Debug;
		};
		7BC122882129D9610017750D /* Release */ = {
			isa = XCBuildConfiguration;
			buildSettings = {
				ALWAYS_EMBED_SWIFT_STANDARD_LIBRARIES = YES;
				ASSETCATALOG_COMPILER_APPICON_NAME = AppIcon;
				CODE_SIGN_STYLE = Automatic;
				DEVELOPMENT_TEAM = 548D4ZVJCT;
				IBSC_MODULE = Calculadora_WarchKit_WatchKit_Extension;
				INFOPLIST_FILE = "Calculadora_WarchKit WatchKit App/Info.plist";
				PRODUCT_BUNDLE_IDENTIFIER = "JESB.Calculadora-WarchKit.watchkitapp";
				PRODUCT_NAME = "$(TARGET_NAME)";
				SDKROOT = watchos;
				SKIP_INSTALL = YES;
				SWIFT_VERSION = 4.0;
				TARGETED_DEVICE_FAMILY = 4;
				WATCHOS_DEPLOYMENT_TARGET = 4.3;
			};
			name = Release;
		};
		7BC1228B2129D9610017750D /* Debug */ = {
			isa = XCBuildConfiguration;
			buildSettings = {
				ASSETCATALOG_COMPILER_APPICON_NAME = AppIcon;
				CODE_SIGN_STYLE = Automatic;
				DEVELOPMENT_TEAM = 548D4ZVJCT;
				INFOPLIST_FILE = Calculadora_WarchKit/Info.plist;
				LD_RUNPATH_SEARCH_PATHS = (
					"$(inherited)",
					"@executable_path/Frameworks",
				);
				PRODUCT_BUNDLE_IDENTIFIER = "JESB.Calculadora-WarchKit";
				PRODUCT_NAME = "$(TARGET_NAME)";
				SWIFT_VERSION = 4.0;
				TARGETED_DEVICE_FAMILY = "1,2";
			};
			name = Debug;
		};
		7BC1228C2129D9610017750D /* Release */ = {
			isa = XCBuildConfiguration;
			buildSettings = {
				ASSETCATALOG_COMPILER_APPICON_NAME = AppIcon;
				CODE_SIGN_STYLE = Automatic;
				DEVELOPMENT_TEAM = 548D4ZVJCT;
				INFOPLIST_FILE = Calculadora_WarchKit/Info.plist;
				LD_RUNPATH_SEARCH_PATHS = (
					"$(inherited)",
					"@executable_path/Frameworks",
				);
				PRODUCT_BUNDLE_IDENTIFIER = "JESB.Calculadora-WarchKit";
				PRODUCT_NAME = "$(TARGET_NAME)";
				SWIFT_VERSION = 4.0;
				TARGETED_DEVICE_FAMILY = "1,2";
			};
			name = Release;
		};
/* End XCBuildConfiguration section */

/* Begin XCConfigurationList section */
		7BC1224B2129D94E0017750D /* Build configuration list for PBXProject "Calculadora_WarchKit" */ = {
			isa = XCConfigurationList;
			buildConfigurations = (
				7BC122802129D9610017750D /* Debug */,
				7BC122812129D9610017750D /* Release */,
			);
			defaultConfigurationIsVisible = 0;
			defaultConfigurationName = Release;
		};
		7BC122822129D9610017750D /* Build configuration list for PBXNativeTarget "Calculadora_WarchKit WatchKit Extension" */ = {
			isa = XCConfigurationList;
			buildConfigurations = (
				7BC122832129D9610017750D /* Debug */,
				7BC122842129D9610017750D /* Release */,
			);
			defaultConfigurationIsVisible = 0;
			defaultConfigurationName = Release;
		};
		7BC122862129D9610017750D /* Build configuration list for PBXNativeTarget "Calculadora_WarchKit WatchKit App" */ = {
			isa = XCConfigurationList;
			buildConfigurations = (
				7BC122872129D9610017750D /* Debug */,
				7BC122882129D9610017750D /* Release */,
			);
			defaultConfigurationIsVisible = 0;
			defaultConfigurationName = Release;
		};
		7BC1228A2129D9610017750D /* Build configuration list for PBXNativeTarget "Calculadora_WarchKit" */ = {
			isa = XCConfigurationList;
			buildConfigurations = (
				7BC1228B2129D9610017750D /* Debug */,
				7BC1228C2129D9610017750D /* Release */,
			);
			defaultConfigurationIsVisible = 0;
			defaultConfigurationName = Release;
		};
/* End XCConfigurationList section */
	};
	rootObject = 7BC122482129D94E0017750D /* Project object */;
}
